
Microsoft Visual Studio Solution File, Format Version 12.00
# Visual Studio Version 17
VisualStudioVersion = 17.5.33516.290
MinimumVisualStudioVersion = 10.0.40219.1
Project("{FAE04EC0-301F-11D3-BF4B-00C04F79EFBC}") = "ConsoleLoops", "ConsoleLoops\ConsoleLoops.csproj", "{5A1D3B04-6E46-4B7C-BE9D-07C06B4D4B7A}"
EndProject
Project("{FAE04EC0-301F-11D3-BF4B-00C04F79EFBC}") = "FormCadastroDeAlunos", "FormCadastroDeAlunos\FormCadastroDeAlunos.csproj", "{53DFFB3A-E056-4ADD-A2E1-044F73DB539C}"
EndProject
Global
	GlobalSection(SolutionConfigurationPlatforms) = preSolution
		Debug|Any CPU = Debug|Any CPU
		Release|Any CPU = Release|Any CPU
	EndGlobalSection
	GlobalSection(ProjectConfigurationPlatforms) = postSolution
		{5A1D3B04-6E46-4B7C-BE9D-07C06B4D4B7A}.Debug|Any CPU.ActiveCfg = Debug|Any CPU
		{5A1D3B04-6E46-4B7C-BE9D-07C06B4D4B7A}.Debug|Any CPU.Build.0 = Debug|Any CPU
		{5A1D3B04-6E46-4B7C-BE9D-07C06B4D4B7A}.Release|Any CPU.ActiveCfg = Release|Any CPU
		{5A1D3B04-6E46-4B7C-BE9D-07C06B4D4B7A}.Release|Any CPU.Build.0 = Release|Any CPU
		{53DFFB3A-E056-4ADD-A2E1-044F73DB539C}.Debug|Any CPU.ActiveCfg = Debug|Any CPU
		{53DFFB3A-E056-4ADD-A2E1-044F73DB539C}.Debug|Any CPU.Build.0 = Debug|Any CPU
		{53DFFB3A-E056-4ADD-A2E1-044F73DB539C}.Release|Any CPU.ActiveCfg = Release|Any CPU
		{53DFFB3A-E056-4ADD-A2E1-044F73DB539C}.Release|Any CPU.Build.0 = Release|Any CPU
	EndGlobalSection
	GlobalSection(SolutionProperties) = preSolution
		HideSolutionNode = FALSE
	EndGlobalSection
	GlobalSection(ExtensibilityGlobals) = postSolution
		SolutionGuid = {8ACC5E14-284B-465A-8D1C-17BD966F4E22}
	EndGlobalSection
EndGlobal
